
Microsoft Visual Studio Solution File, Format Version 12.00
# Visual Studio 14
VisualStudioVersion = 14.0.25420.1
MinimumVisualStudioVersion = 10.0.40219.1
Project("{FAE04EC0-301F-11D3-BF4B-00C04F79EFBC}") = "Xamarin.ListViewMVVMApi.Android", "Xamarin.ListViewMVVMApi\Xamarin.ListViewMVVMApi.Android\Xamarin.ListViewMVVMApi.Android.csproj", "{BCF37B1F-496A-4360-9578-5E9B5ACA28D5}"
EndProject
Project("{FAE04EC0-301F-11D3-BF4B-00C04F79EFBC}") = "Xamarin.ListViewMVVMApi", "Xamarin.ListViewMVVMApi\Xamarin.ListViewMVVMApi\Xamarin.ListViewMVVMApi.csproj", "{4196F8C6-3C57-4165-B870-435C9F9040FF}"
EndProject
Project("{FAE04EC0-301F-11D3-BF4B-00C04F79EFBC}") = "Xamarin.ListViewMVVMApi.UWP", "Xamarin.ListViewMVVMApi\Xamarin.ListViewMVVMApi.UWP\Xamarin.ListViewMVVMApi.UWP.csproj", "{77088117-1FC1-4A18-9E3F-D52099910481}"
EndProject
Project("{FAE04EC0-301F-11D3-BF4B-00C04F79EFBC}") = "Xamarin.ListViewMVVMApi.iOS", "Xamarin.ListViewMVVMApi\Xamarin.ListViewMVVMApi.iOS\Xamarin.ListViewMVVMApi.iOS.csproj", "{7982F2B8-21F2-4181-9555-F66C9EAE9A06}"
EndProject
Global
	GlobalSection(SolutionConfigurationPlatforms) = preSolution
		Ad-Hoc|Any CPU = Ad-Hoc|Any CPU
		Ad-Hoc|ARM = Ad-Hoc|ARM
		Ad-Hoc|iPhone = Ad-Hoc|iPhone
		Ad-Hoc|iPhoneSimulator = Ad-Hoc|iPhoneSimulator
		Ad-Hoc|x64 = Ad-Hoc|x64
		Ad-Hoc|x86 = Ad-Hoc|x86
		AppStore|Any CPU = AppStore|Any CPU
		AppStore|ARM = AppStore|ARM
		AppStore|iPhone = AppStore|iPhone
		AppStore|iPhoneSimulator = AppStore|iPhoneSimulator
		AppStore|x64 = AppStore|x64
		AppStore|x86 = AppStore|x86
		Debug|Any CPU = Debug|Any CPU
		Debug|ARM = Debug|ARM
		Debug|iPhone = Debug|iPhone
		Debug|iPhoneSimulator = Debug|iPhoneSimulator
		Debug|x64 = Debug|x64
		Debug|x86 = Debug|x86
		Release|Any CPU = Release|Any CPU
		Release|ARM = Release|ARM
		Release|iPhone = Release|iPhone
		Release|iPhoneSimulator = Release|iPhoneSimulator
		Release|x64 = Release|x64
		Release|x86 = Release|x86
	EndGlobalSection
	GlobalSection(ProjectConfigurationPlatforms) = postSolution
		{BCF37B1F-496A-4360-9578-5E9B5ACA28D5}.Ad-Hoc|Any CPU.ActiveCfg = Release|Any CPU
		{BCF37B1F-496A-4360-9578-5E9B5ACA28D5}.Ad-Hoc|Any CPU.Build.0 = Release|Any CPU
		{BCF37B1F-496A-4360-9578-5E9B5ACA28D5}.Ad-Hoc|Any CPU.Deploy.0 = Release|Any CPU
		{BCF37B1F-496A-4360-9578-5E9B5ACA28D5}.Ad-Hoc|ARM.ActiveCfg = Release|Any CPU
		{BCF37B1F-496A-4360-9578-5E9B5ACA28D5}.Ad-Hoc|ARM.Build.0 = Release|Any CPU
		{BCF37B1F-496A-4360-9578-5E9B5ACA28D5}.Ad-Hoc|ARM.Deploy.0 = Release|Any CPU
		{BCF37B1F-496A-4360-9578-5E9B5ACA28D5}.Ad-Hoc|iPhone.ActiveCfg = Release|Any CPU
		{BCF37B1F-496A-4360-9578-5E9B5ACA28D5}.Ad-Hoc|iPhone.Build.0 = Release|Any CPU
		{BCF37B1F-496A-4360-9578-5E9B5ACA28D5}.Ad-Hoc|iPhone.Deploy.0 = Release|Any CPU
		{BCF37B1F-496A-4360-9578-5E9B5ACA28D5}.Ad-Hoc|iPhoneSimulator.ActiveCfg = Release|Any CPU
		{BCF37B1F-496A-4360-9578-5E9B5ACA28D5}.Ad-Hoc|iPhoneSimulator.Build.0 = Release|Any CPU
		{BCF37B1F-496A-4360-9578-5E9B5ACA28D5}.Ad-Hoc|iPhoneSimulator.Deploy.0 = Release|Any CPU
		{BCF37B1F-496A-4360-9578-5E9B5ACA28D5}.Ad-Hoc|x64.ActiveCfg = Release|Any CPU
		{BCF37B1F-496A-4360-9578-5E9B5ACA28D5}.Ad-Hoc|x64.Build.0 = Release|Any CPU
		{BCF37B1F-496A-4360-9578-5E9B5ACA28D5}.Ad-Hoc|x64.Deploy.0 = Release|Any CPU
		{BCF37B1F-496A-4360-9578-5E9B5ACA28D5}.Ad-Hoc|x86.ActiveCfg = Release|Any CPU
		{BCF37B1F-496A-4360-9578-5E9B5ACA28D5}.Ad-Hoc|x86.Build.0 = Release|Any CPU
		{BCF37B1F-496A-4360-9578-5E9B5ACA28D5}.Ad-Hoc|x86.Deploy.0 = Release|Any CPU
		{BCF37B1F-496A-4360-9578-5E9B5ACA28D5}.AppStore|Any CPU.ActiveCfg = Release|Any CPU
		{BCF37B1F-496A-4360-9578-5E9B5ACA28D5}.AppStore|Any CPU.Build.0 = Release|Any CPU
		{BCF37B1F-496A-4360-9578-5E9B5ACA28D5}.AppStore|Any CPU.Deploy.0 = Release|Any CPU
		{BCF37B1F-496A-4360-9578-5E9B5ACA28D5}.AppStore|ARM.ActiveCfg = Release|Any CPU
		{BCF37B1F-496A-4360-9578-5E9B5ACA28D5}.AppStore|ARM.Build.0 = Release|Any CPU
		{BCF37B1F-496A-4360-9578-5E9B5ACA28D5}.AppStore|ARM.Deploy.0 = Release|Any CPU
		{BCF37B1F-496A-4360-9578-5E9B5ACA28D5}.AppStore|iPhone.ActiveCfg = Release|Any CPU
		{BCF37B1F-496A-4360-9578-5E9B5ACA28D5}.AppStore|iPhone.Build.0 = Release|Any CPU
		{BCF37B1F-496A-4360-9578-5E9B5ACA28D5}.AppStore|iPhone.Deploy.0 = Release|Any CPU
		{BCF37B1F-496A-4360-9578-5E9B5ACA28D5}.AppStore|iPhoneSimulator.ActiveCfg = Release|Any CPU
		{BCF37B1F-496A-4360-9578-5E9B5ACA28D5}.AppStore|iPhoneSimulator.Build.0 = Release|Any CPU
		{BCF37B1F-496A-4360-9578-5E9B5ACA28D5}.AppStore|iPhoneSimulator.Deploy.0 = Release|Any CPU
		{BCF37B1F-496A-4360-9578-5E9B5ACA28D5}.AppStore|x64.ActiveCfg = Release|Any CPU
		{BCF37B1F-496A-4360-9578-5E9B5ACA28D5}.AppStore|x64.Build.0 = Release|Any CPU
		{BCF37B1F-496A-4360-9578-5E9B5ACA28D5}.AppStore|x64.Deploy.0 = Release|Any CPU
		{BCF37B1F-496A-4360-9578-5E9B5ACA28D5}.AppStore|x86.ActiveCfg = Release|Any CPU
		{BCF37B1F-496A-4360-9578-5E9B5ACA28D5}.AppStore|x86.Build.0 = Release|Any CPU
		{BCF37B1F-496A-4360-9578-5E9B5ACA28D5}.AppStore|x86.Deploy.0 = Release|Any CPU
		{BCF37B1F-496A-4360-9578-5E9B5ACA28D5}.Debug|Any CPU.ActiveCfg = Debug|Any CPU
		{BCF37B1F-496A-4360-9578-5E9B5ACA28D5}.Debug|Any CPU.Build.0 = Debug|Any CPU
		{BCF37B1F-496A-4360-9578-5E9B5ACA28D5}.Debug|Any CPU.Deploy.0 = Debug|Any CPU
		{BCF37B1F-496A-4360-9578-5E9B5ACA28D5}.Debug|ARM.ActiveCfg = Debug|Any CPU
		{BCF37B1F-496A-4360-9578-5E9B5ACA28D5}.Debug|ARM.Build.0 = Debug|Any CPU
		{BCF37B1F-496A-4360-9578-5E9B5ACA28D5}.Debug|ARM.Deploy.0 = Debug|Any CPU
		{BCF37B1F-496A-4360-9578-5E9B5ACA28D5}.Debug|iPhone.ActiveCfg = Debug|Any CPU
		{BCF37B1F-496A-4360-9578-5E9B5ACA28D5}.Debug|iPhone.Build.0 = Debug|Any CPU
		{BCF37B1F-496A-4360-9578-5E9B5ACA28D5}.Debug|iPhone.Deploy.0 = Debug|Any CPU
		{BCF37B1F-496A-4360-9578-5E9B5ACA28D5}.Debug|iPhoneSimulator.ActiveCfg = Debug|Any CPU
		{BCF37B1F-496A-4360-9578-5E9B5ACA28D5}.Debug|iPhoneSimulator.Build.0 = Debug|Any CPU
		{BCF37B1F-496A-4360-9578-5E9B5ACA28D5}.Debug|iPhoneSimulator.Deploy.0 = Debug|Any CPU
		{BCF37B1F-496A-4360-9578-5E9B5ACA28D5}.Debug|x64.ActiveCfg = Debug|Any CPU
		{BCF37B1F-496A-4360-9578-5E9B5ACA28D5}.Debug|x64.Build.0 = Debug|Any CPU
		{BCF37B1F-496A-4360-9578-5E9B5ACA28D5}.Debug|x64.Deploy.0 = Debug|Any CPU
		{BCF37B1F-496A-4360-9578-5E9B5ACA28D5}.Debug|x86.ActiveCfg = Debug|Any CPU
		{BCF37B1F-496A-4360-9578-5E9B5ACA28D5}.Debug|x86.Build.0 = Debug|Any CPU
		{BCF37B1F-496A-4360-9578-5E9B5ACA28D5}.Debug|x86.Deploy.0 = Debug|Any CPU
		{BCF37B1F-496A-4360-9578-5E9B5ACA28D5}.Release|Any CPU.ActiveCfg = Release|Any CPU
		{BCF37B1F-496A-4360-9578-5E9B5ACA28D5}.Release|Any CPU.Build.0 = Release|Any CPU
		{BCF37B1F-496A-4360-9578-5E9B5ACA28D5}.Release|Any CPU.Deploy.0 = Release|Any CPU
		{BCF37B1F-496A-4360-9578-5E9B5ACA28D5}.Release|ARM.ActiveCfg = Release|Any CPU
		{BCF37B1F-496A-4360-9578-5E9B5ACA28D5}.Release|ARM.Build.0 = Release|Any CPU
		{BCF37B1F-496A-4360-9578-5E9B5ACA28D5}.Release|ARM.Deploy.0 = Release|Any CPU
		{BCF37B1F-496A-4360-9578-5E9B5ACA28D5}.Release|iPhone.ActiveCfg = Release|Any CPU
		{BCF37B1F-496A-4360-9578-5E9B5ACA28D5}.Release|iPhone.Build.0 = Release|Any CPU
		{BCF37B1F-496A-4360-9578-5E9B5ACA28D5}.Release|iPhone.Deploy.0 = Release|Any CPU
		{BCF37B1F-496A-4360-9578-5E9B5ACA28D5}.Release|iPhoneSimulator.ActiveCfg = Release|Any CPU
		{BCF37B1F-496A-4360-9578-5E9B5ACA28D5}.Release|iPhoneSimulator.Build.0 = Release|Any CPU
		{BCF37B1F-496A-4360-9578-5E9B5ACA28D5}.Release|iPhoneSimulator.Deploy.0 = Release|Any CPU
		{BCF37B1F-496A-4360-9578-5E9B5ACA28D5}.Release|x64.ActiveCfg = Release|Any CPU
		{BCF37B1F-496A-4360-9578-5E9B5ACA28D5}.Release|x64.Build.0 = Release|Any CPU
		{BCF37B1F-496A-4360-9578-5E9B5ACA28D5}.Release|x64.Deploy.0 = Release|Any CPU
		{BCF37B1F-496A-4360-9578-5E9B5ACA28D5}.Release|x86.ActiveCfg = Release|Any CPU
		{BCF37B1F-496A-4360-9578-5E9B5ACA28D5}.Release|x86.Build.0 = Release|Any CPU
		{BCF37B1F-496A-4360-9578-5E9B5ACA28D5}.Release|x86.Deploy.0 = Release|Any CPU
		{4196F8C6-3C57-4165-B870-435C9F9040FF}.Ad-Hoc|Any CPU.ActiveCfg = Release|Any CPU
		{4196F8C6-3C57-4165-B870-435C9F9040FF}.Ad-Hoc|Any CPU.Build.0 = Release|Any CPU
		{4196F8C6-3C57-4165-B870-435C9F9040FF}.Ad-Hoc|ARM.ActiveCfg = Release|Any CPU
		{4196F8C6-3C57-4165-B870-435C9F9040FF}.Ad-Hoc|ARM.Build.0 = Release|Any CPU
		{4196F8C6-3C57-4165-B870-435C9F9040FF}.Ad-Hoc|iPhone.ActiveCfg = Release|Any CPU
		{4196F8C6-3C57-4165-B870-435C9F9040FF}.Ad-Hoc|iPhone.Build.0 = Release|Any CPU
		{4196F8C6-3C57-4165-B870-435C9F9040FF}.Ad-Hoc|iPhoneSimulator.ActiveCfg = Release|Any CPU
		{4196F8C6-3C57-4165-B870-435C9F9040FF}.Ad-Hoc|iPhoneSimulator.Build.0 = Release|Any CPU
		{4196F8C6-3C57-4165-B870-435C9F9040FF}.Ad-Hoc|x64.ActiveCfg = Release|Any CPU
		{4196F8C6-3C57-4165-B870-435C9F9040FF}.Ad-Hoc|x64.Build.0 = Release|Any CPU
		{4196F8C6-3C57-4165-B870-435C9F9040FF}.Ad-Hoc|x86.ActiveCfg = Release|Any CPU
		{4196F8C6-3C57-4165-B870-435C9F9040FF}.Ad-Hoc|x86.Build.0 = Release|Any CPU
		{4196F8C6-3C57-4165-B870-435C9F9040FF}.AppStore|Any CPU.ActiveCfg = Release|Any CPU
		{4196F8C6-3C57-4165-B870-435C9F9040FF}.AppStore|Any CPU.Build.0 = Release|Any CPU
		{4196F8C6-3C57-4165-B870-435C9F9040FF}.AppStore|ARM.ActiveCfg = Release|Any CPU
		{4196F8C6-3C57-4165-B870-435C9F9040FF}.AppStore|ARM.Build.0 = Release|Any CPU
		{4196F8C6-3C57-4165-B870-435C9F9040FF}.AppStore|iPhone.ActiveCfg = Release|Any CPU
		{4196F8C6-3C57-4165-B870-435C9F9040FF}.AppStore|iPhone.Build.0 = Release|Any CPU
		{4196F8C6-3C57-4165-B870-435C9F9040FF}.AppStore|iPhoneSimulator.ActiveCfg = Release|Any CPU
		{4196F8C6-3C57-4165-B870-435C9F9040FF}.AppStore|iPhoneSimulator.Build.0 = Release|Any CPU
		{4196F8C6-3C57-4165-B870-435C9F9040FF}.AppStore|x64.ActiveCfg = Release|Any CPU
		{4196F8C6-3C57-4165-B870-435C9F9040FF}.AppStore|x64.Build.0 = Release|Any CPU
		{4196F8C6-3C57-4165-B870-435C9F9040FF}.AppStore|x86.ActiveCfg = Release|Any CPU
		{4196F8C6-3C57-4165-B870-435C9F9040FF}.AppStore|x86.Build.0 = Release|Any CPU
		{4196F8C6-3C57-4165-B870-435C9F9040FF}.Debug|Any CPU.ActiveCfg = Debug|Any CPU
		{4196F8C6-3C57-4165-B870-435C9F9040FF}.Debug|Any CPU.Build.0 = Debug|Any CPU
		{4196F8C6-3C57-4165-B870-435C9F9040FF}.Debug|ARM.ActiveCfg = Debug|Any CPU
		{4196F8C6-3C57-4165-B870-435C9F9040FF}.Debug|ARM.Build.0 = Debug|Any CPU
		{4196F8C6-3C57-4165-B870-435C9F9040FF}.Debug|iPhone.ActiveCfg = Debug|Any CPU
		{4196F8C6-3C57-4165-B870-435C9F9040FF}.Debug|iPhone.Build.0 = Debug|Any CPU
		{4196F8C6-3C57-4165-B870-435C9F9040FF}.Debug|iPhoneSimulator.ActiveCfg = Debug|Any CPU
		{4196F8C6-3C57-4165-B870-435C9F9040FF}.Debug|iPhoneSimulator.Build.0 = Debug|Any CPU
		{4196F8C6-3C57-4165-B870-435C9F9040FF}.Debug|x64.ActiveCfg = Debug|Any CPU
		{4196F8C6-3C57-4165-B870-435C9F9040FF}.Debug|x64.Build.0 = Debug|Any CPU
		{4196F8C6-3C57-4165-B870-435C9F9040FF}.Debug|x86.ActiveCfg = Debug|Any CPU
		{4196F8C6-3C57-4165-B870-435C9F9040FF}.Debug|x86.Build.0 = Debug|Any CPU
		{4196F8C6-3C57-4165-B870-435C9F9040FF}.Release|Any CPU.ActiveCfg = Release|Any CPU
		{4196F8C6-3C57-4165-B870-435C9F9040FF}.Release|Any CPU.Build.0 = Release|Any CPU
		{4196F8C6-3C57-4165-B870-435C9F9040FF}.Release|ARM.ActiveCfg = Release|Any CPU
		{4196F8C6-3C57-4165-B870-435C9F9040FF}.Release|ARM.Build.0 = Release|Any CPU
		{4196F8C6-3C57-4165-B870-435C9F9040FF}.Release|iPhone.ActiveCfg = Release|Any CPU
		{4196F8C6-3C57-4165-B870-435C9F9040FF}.Release|iPhone.Build.0 = Release|Any CPU
		{4196F8C6-3C57-4165-B870-435C9F9040FF}.Release|iPhoneSimulator.ActiveCfg = Release|Any CPU
		{4196F8C6-3C57-4165-B870-435C9F9040FF}.Release|iPhoneSimulator.Build.0 = Release|Any CPU
		{4196F8C6-3C57-4165-B870-435C9F9040FF}.Release|x64.ActiveCfg = Release|Any CPU
		{4196F8C6-3C57-4165-B870-435C9F9040FF}.Release|x64.Build.0 = Release|Any CPU
		{4196F8C6-3C57-4165-B870-435C9F9040FF}.Release|x86.ActiveCfg = Release|Any CPU
		{4196F8C6-3C57-4165-B870-435C9F9040FF}.Release|x86.Build.0 = Release|Any CPU
		{77088117-1FC1-4A18-9E3F-D52099910481}.Ad-Hoc|Any CPU.ActiveCfg = Release|x86
		{77088117-1FC1-4A18-9E3F-D52099910481}.Ad-Hoc|Any CPU.Build.0 = Release|x86
		{77088117-1FC1-4A18-9E3F-D52099910481}.Ad-Hoc|Any CPU.Deploy.0 = Release|x86
		{77088117-1FC1-4A18-9E3F-D52099910481}.Ad-Hoc|ARM.ActiveCfg = Release|ARM
		{77088117-1FC1-4A18-9E3F-D52099910481}.Ad-Hoc|ARM.Build.0 = Release|ARM
		{77088117-1FC1-4A18-9E3F-D52099910481}.Ad-Hoc|ARM.Deploy.0 = Release|ARM
		{77088117-1FC1-4A18-9E3F-D52099910481}.Ad-Hoc|iPhone.ActiveCfg = Release|x86
		{77088117-1FC1-4A18-9E3F-D52099910481}.Ad-Hoc|iPhone.Build.0 = Release|x86
		{77088117-1FC1-4A18-9E3F-D52099910481}.Ad-Hoc|iPhone.Deploy.0 = Release|x86
		{77088117-1FC1-4A18-9E3F-D52099910481}.Ad-Hoc|iPhoneSimulator.ActiveCfg = Release|x86
		{77088117-1FC1-4A18-9E3F-D52099910481}.Ad-Hoc|iPhoneSimulator.Build.0 = Release|x86
		{77088117-1FC1-4A18-9E3F-D52099910481}.Ad-Hoc|iPhoneSimulator.Deploy.0 = Release|x86
		{77088117-1FC1-4A18-9E3F-D52099910481}.Ad-Hoc|x64.ActiveCfg = Release|x64
		{77088117-1FC1-4A18-9E3F-D52099910481}.Ad-Hoc|x64.Build.0 = Release|x64
		{77088117-1FC1-4A18-9E3F-D52099910481}.Ad-Hoc|x64.Deploy.0 = Release|x64
		{77088117-1FC1-4A18-9E3F-D52099910481}.Ad-Hoc|x86.ActiveCfg = Release|x86
		{77088117-1FC1-4A18-9E3F-D52099910481}.Ad-Hoc|x86.Build.0 = Release|x86
		{77088117-1FC1-4A18-9E3F-D52099910481}.Ad-Hoc|x86.Deploy.0 = Release|x86
		{77088117-1FC1-4A18-9E3F-D52099910481}.AppStore|Any CPU.ActiveCfg = Release|x86
		{77088117-1FC1-4A18-9E3F-D52099910481}.AppStore|Any CPU.Build.0 = Release|x86
		{77088117-1FC1-4A18-9E3F-D52099910481}.AppStore|Any CPU.Deploy.0 = Release|x86
		{77088117-1FC1-4A18-9E3F-D52099910481}.AppStore|ARM.ActiveCfg = Release|ARM
		{77088117-1FC1-4A18-9E3F-D52099910481}.AppStore|ARM.Build.0 = Release|ARM
		{77088117-1FC1-4A18-9E3F-D52099910481}.AppStore|ARM.Deploy.0 = Release|ARM
		{77088117-1FC1-4A18-9E3F-D52099910481}.AppStore|iPhone.ActiveCfg = Release|x86
		{77088117-1FC1-4A18-9E3F-D52099910481}.AppStore|iPhone.Build.0 = Release|x86
		{77088117-1FC1-4A18-9E3F-D52099910481}.AppStore|iPhone.Deploy.0 = Release|x86
		{77088117-1FC1-4A18-9E3F-D52099910481}.AppStore|iPhoneSimulator.ActiveCfg = Release|x86
		{77088117-1FC1-4A18-9E3F-D52099910481}.AppStore|iPhoneSimulator.Build.0 = Release|x86
		{77088117-1FC1-4A18-9E3F-D52099910481}.AppStore|iPhoneSimulator.Deploy.0 = Release|x86
		{77088117-1FC1-4A18-9E3F-D52099910481}.AppStore|x64.ActiveCfg = Release|x64
		{77088117-1FC1-4A18-9E3F-D52099910481}.AppStore|x64.Build.0 = Release|x64
		{77088117-1FC1-4A18-9E3F-D52099910481}.AppStore|x64.Deploy.0 = Release|x64
		{77088117-1FC1-4A18-9E3F-D52099910481}.AppStore|x86.ActiveCfg = Release|x86
		{77088117-1FC1-4A18-9E3F-D52099910481}.AppStore|x86.Build.0 = Release|x86
		{77088117-1FC1-4A18-9E3F-D52099910481}.AppStore|x86.Deploy.0 = Release|x86
		{77088117-1FC1-4A18-9E3F-D52099910481}.Debug|Any CPU.ActiveCfg = Debug|x86
		{77088117-1FC1-4A18-9E3F-D52099910481}.Debug|ARM.ActiveCfg = Debug|ARM
		{77088117-1FC1-4A18-9E3F-D52099910481}.Debug|ARM.Build.0 = Debug|ARM
		{77088117-1FC1-4A18-9E3F-D52099910481}.Debug|ARM.Deploy.0 = Debug|ARM
		{77088117-1FC1-4A18-9E3F-D52099910481}.Debug|iPhone.ActiveCfg = Debug|x86
		{77088117-1FC1-4A18-9E3F-D52099910481}.Debug|iPhoneSimulator.ActiveCfg = Debug|x86
		{77088117-1FC1-4A18-9E3F-D52099910481}.Debug|x64.ActiveCfg = Debug|x64
		{77088117-1FC1-4A18-9E3F-D52099910481}.Debug|x64.Build.0 = Debug|x64
		{77088117-1FC1-4A18-9E3F-D52099910481}.Debug|x64.Deploy.0 = Debug|x64
		{77088117-1FC1-4A18-9E3F-D52099910481}.Debug|x86.ActiveCfg = Debug|x86
		{77088117-1FC1-4A18-9E3F-D52099910481}.Debug|x86.Build.0 = Debug|x86
		{77088117-1FC1-4A18-9E3F-D52099910481}.Debug|x86.Deploy.0 = Debug|x86
		{77088117-1FC1-4A18-9E3F-D52099910481}.Release|Any CPU.ActiveCfg = Release|x86
		{77088117-1FC1-4A18-9E3F-D52099910481}.Release|ARM.ActiveCfg = Release|ARM
		{77088117-1FC1-4A18-9E3F-D52099910481}.Release|ARM.Build.0 = Release|ARM
		{77088117-1FC1-4A18-9E3F-D52099910481}.Release|ARM.Deploy.0 = Release|ARM
		{77088117-1FC1-4A18-9E3F-D52099910481}.Release|iPhone.ActiveCfg = Release|x86
		{77088117-1FC1-4A18-9E3F-D52099910481}.Release|iPhoneSimulator.ActiveCfg = Release|x86
		{77088117-1FC1-4A18-9E3F-D52099910481}.Release|x64.ActiveCfg = Release|x64
		{77088117-1FC1-4A18-9E3F-D52099910481}.Release|x64.Build.0 = Release|x64
		{77088117-1FC1-4A18-9E3F-D52099910481}.Release|x64.Deploy.0 = Release|x64
		{77088117-1FC1-4A18-9E3F-D52099910481}.Release|x86.ActiveCfg = Release|x86
		{77088117-1FC1-4A18-9E3F-D52099910481}.Release|x86.Build.0 = Release|x86
		{77088117-1FC1-4A18-9E3F-D52099910481}.Release|x86.Deploy.0 = Release|x86
		{7982F2B8-21F2-4181-9555-F66C9EAE9A06}.Ad-Hoc|Any CPU.ActiveCfg = Ad-Hoc|iPhone
		{7982F2B8-21F2-4181-9555-F66C9EAE9A06}.Ad-Hoc|ARM.ActiveCfg = Ad-Hoc|iPhone
		{7982F2B8-21F2-4181-9555-F66C9EAE9A06}.Ad-Hoc|iPhone.ActiveCfg = Ad-Hoc|iPhone
		{7982F2B8-21F2-4181-9555-F66C9EAE9A06}.Ad-Hoc|iPhone.Build.0 = Ad-Hoc|iPhone
		{7982F2B8-21F2-4181-9555-F66C9EAE9A06}.Ad-Hoc|iPhoneSimulator.ActiveCfg = Ad-Hoc|iPhoneSimulator
		{7982F2B8-21F2-4181-9555-F66C9EAE9A06}.Ad-Hoc|iPhoneSimulator.Build.0 = Ad-Hoc|iPhoneSimulator
		{7982F2B8-21F2-4181-9555-F66C9EAE9A06}.Ad-Hoc|x64.ActiveCfg = Ad-Hoc|iPhone
		{7982F2B8-21F2-4181-9555-F66C9EAE9A06}.Ad-Hoc|x86.ActiveCfg = Ad-Hoc|iPhone
		{7982F2B8-21F2-4181-9555-F66C9EAE9A06}.AppStore|Any CPU.ActiveCfg = AppStore|iPhone
		{7982F2B8-21F2-4181-9555-F66C9EAE9A06}.AppStore|ARM.ActiveCfg = AppStore|iPhone
		{7982F2B8-21F2-4181-9555-F66C9EAE9A06}.AppStore|iPhone.ActiveCfg = AppStore|iPhone
		{7982F2B8-21F2-4181-9555-F66C9EAE9A06}.AppStore|iPhone.Build.0 = AppStore|iPhone
		{7982F2B8-21F2-4181-9555-F66C9EAE9A06}.AppStore|iPhoneSimulator.ActiveCfg = AppStore|iPhoneSimulator
		{7982F2B8-21F2-4181-9555-F66C9EAE9A06}.AppStore|iPhoneSimulator.Build.0 = AppStore|iPhoneSimulator
		{7982F2B8-21F2-4181-9555-F66C9EAE9A06}.AppStore|x64.ActiveCfg = AppStore|iPhone
		{7982F2B8-21F2-4181-9555-F66C9EAE9A06}.AppStore|x86.ActiveCfg = AppStore|iPhone
		{7982F2B8-21F2-4181-9555-F66C9EAE9A06}.Debug|Any CPU.ActiveCfg = Debug|iPhone
		{7982F2B8-21F2-4181-9555-F66C9EAE9A06}.Debug|ARM.ActiveCfg = Debug|iPhone
		{7982F2B8-21F2-4181-9555-F66C9EAE9A06}.Debug|iPhone.ActiveCfg = Debug|iPhone
		{7982F2B8-21F2-4181-9555-F66C9EAE9A06}.Debug|iPhone.Build.0 = Debug|iPhone
		{7982F2B8-21F2-4181-9555-F66C9EAE9A06}.Debug|iPhoneSimulator.ActiveCfg = Debug|iPhoneSimulator
		{7982F2B8-21F2-4181-9555-F66C9EAE9A06}.Debug|iPhoneSimulator.Build.0 = Debug|iPhoneSimulator
		{7982F2B8-21F2-4181-9555-F66C9EAE9A06}.Debug|x64.ActiveCfg = Debug|iPhone
		{7982F2B8-21F2-4181-9555-F66C9EAE9A06}.Debug|x86.ActiveCfg = Debug|iPhone
		{7982F2B8-21F2-4181-9555-F66C9EAE9A06}.Release|Any CPU.ActiveCfg = Release|iPhone
		{7982F2B8-21F2-4181-9555-F66C9EAE9A06}.Release|ARM.ActiveCfg = Release|iPhone
		{7982F2B8-21F2-4181-9555-F66C9EAE9A06}.Release|iPhone.ActiveCfg = Release|iPhone
		{7982F2B8-21F2-4181-9555-F66C9EAE9A06}.Release|iPhone.Build.0 = Release|iPhone
		{7982F2B8-21F2-4181-9555-F66C9EAE9A06}.Release|iPhoneSimulator.ActiveCfg = Release|iPhoneSimulator
		{7982F2B8-21F2-4181-9555-F66C9EAE9A06}.Release|iPhoneSimulator.Build.0 = Release|iPhoneSimulator
		{7982F2B8-21F2-4181-9555-F66C9EAE9A06}.Release|x64.ActiveCfg = Release|iPhone
		{7982F2B8-21F2-4181-9555-F66C9EAE9A06}.Release|x86.ActiveCfg = Release|iPhone
	EndGlobalSection
	GlobalSection(SolutionProperties) = preSolution
		HideSolutionNode = FALSE
	EndGlobalSection
EndGlobal
